<?xml version="1.0" encoding="utf-8"?>
<Project ToolsVersion="4.0" xmlns="http://schemas.microsoft.com/developer/msbuild/2003">
  <ItemGroup>
    <Filter Include="Archivos de origen">
      <UniqueIdentifier>{4FC737F1-C7A5-4376-A066-2A32D752A2FF}</UniqueIdentifier>
      <Extensions>cpp;c;cc;cxx;c++;cppm;ixx;def;odl;idl;hpj;bat;asm;asmx</Extensions>
    </Filter>
    <Filter Include="Archivos de encabezado">
      <UniqueIdentifier>{93995380-89BD-4b04-88EB-625FBE52EBFB}</UniqueIdentifier>
      <Extensions>h;hh;hpp;hxx;h++;hm;inl;inc;ipp;xsd</Extensions>
    </Filter>
    <Filter Include="Archivos de recursos">
      <UniqueIdentifier>{67DA6AB6-F800-4c08-8B7A-83BB121AAD01}</UniqueIdentifier>
      <Extensions>rc;ico;cur;bmp;dlg;rc2;rct;bin;rgs;gif;jpg;jpeg;jpe;resx;tiff;tif;png;wav;mfcribbon-ms</Extensions>
    </Filter>
    <Filter Include="Archivos de origen\shaders">
      <UniqueIdentifier>{f59a46d4-bc48-4b72-9ab4-933f28877550}</UniqueIdentifier>
    </Filter>
    <Filter Include="Archivos de origen\textures">
      <UniqueIdentifier>{194248b4-52b0-40e8-8551-5f53a5bf93d2}</UniqueIdentifier>
    </Filter>
  </ItemGroup>
  <ItemGroup>
    <ClCompile Include="..\OpenGL_Stuff\Library\glad.c">
      <Filter>Archivos de origen</Filter>
    </ClCompile>
    <ClCompile Include="C3_Exercise_15_LCaster_Task3.cpp">
      <Filter>Archivos de origen</Filter>
    </ClCompile>
  </ItemGroup>
  <ItemGroup>
    <None Include="shaders\shader_exercise15t2_casters.fs">
      <Filter>Archivos de origen\shaders</Filter>
    </None>
    <None Include="shaders\shader_exercise15t2_casters.vs">
      <Filter>Archivos de origen\shaders</Filter>
    </None>
  </ItemGroup>
</Project>